
Microsoft Visual Studio Solution File, Format Version 12.00
Project("{FAE04EC0-301F-11D3-BF4B-00C04F79EFBC}") = "Chinook", "Chinook\Chinook.csproj", "{9CA1B963-5D2F-4283-A4FC-6A11A394584C}"
EndProject
Project("{FAE04EC0-301F-11D3-BF4B-00C04F79EFBC}") = "Entities", "Entities\Entities.csproj", "{6FFE0DFB-7A0C-4E2C-A1A3-44EECA3D8D51}"
EndProject
Project("{FAE04EC0-301F-11D3-BF4B-00C04F79EFBC}") = "Context", "Context\Context.csproj", "{1D8E55C2-0A75-4928-B4B3-213F6E716EFF}"
EndProject
Global
	GlobalSection(SolutionConfigurationPlatforms) = preSolution
		Debug|Any CPU = Debug|Any CPU
		Release|Any CPU = Release|Any CPU
	EndGlobalSection
	GlobalSection(ProjectConfigurationPlatforms) = postSolution
		{9CA1B963-5D2F-4283-A4FC-6A11A394584C}.Debug|Any CPU.ActiveCfg = Debug|Any CPU
		{9CA1B963-5D2F-4283-A4FC-6A11A394584C}.Debug|Any CPU.Build.0 = Debug|Any CPU
		{9CA1B963-5D2F-4283-A4FC-6A11A394584C}.Release|Any CPU.ActiveCfg = Release|Any CPU
		{9CA1B963-5D2F-4283-A4FC-6A11A394584C}.Release|Any CPU.Build.0 = Release|Any CPU
		{6FFE0DFB-7A0C-4E2C-A1A3-44EECA3D8D51}.Debug|Any CPU.ActiveCfg = Debug|Any CPU
		{6FFE0DFB-7A0C-4E2C-A1A3-44EECA3D8D51}.Debug|Any CPU.Build.0 = Debug|Any CPU
		{6FFE0DFB-7A0C-4E2C-A1A3-44EECA3D8D51}.Release|Any CPU.ActiveCfg = Release|Any CPU
		{6FFE0DFB-7A0C-4E2C-A1A3-44EECA3D8D51}.Release|Any CPU.Build.0 = Release|Any CPU
		{1D8E55C2-0A75-4928-B4B3-213F6E716EFF}.Debug|Any CPU.ActiveCfg = Debug|Any CPU
		{1D8E55C2-0A75-4928-B4B3-213F6E716EFF}.Debug|Any CPU.Build.0 = Debug|Any CPU
		{1D8E55C2-0A75-4928-B4B3-213F6E716EFF}.Release|Any CPU.ActiveCfg = Release|Any CPU
		{1D8E55C2-0A75-4928-B4B3-213F6E716EFF}.Release|Any CPU.Build.0 = Release|Any CPU
	EndGlobalSection
EndGlobal
